
Microsoft Visual Studio Solution File, Format Version 12.00
# Visual Studio Version 16
VisualStudioVersion = 16.0.31729.503
MinimumVisualStudioVersion = 10.0.40219.1
Project("{FAE04EC0-301F-11D3-BF4B-00C04F79EFBC}") = "ConsoleApp1", "ConsoleApp1\ConsoleApp1.csproj", "{9DAB81D8-569E-476A-8262-92019EF30D1A}"
EndProject
Global
	GlobalSection(SolutionConfigurationPlatforms) = preSolution
		Debug|Any CPU = Debug|Any CPU
		Release|Any CPU = Release|Any CPU
	EndGlobalSection
	GlobalSection(ProjectConfigurationPlatforms) = postSolution
		{9DAB81D8-569E-476A-8262-92019EF30D1A}.Debug|Any CPU.ActiveCfg = Debug|Any CPU
		{9DAB81D8-569E-476A-8262-92019EF30D1A}.Debug|Any CPU.Build.0 = Debug|Any CPU
		{9DAB81D8-569E-476A-8262-92019EF30D1A}.Release|Any CPU.ActiveCfg = Release|Any CPU
		{9DAB81D8-569E-476A-8262-92019EF30D1A}.Release|Any CPU.Build.0 = Release|Any CPU
	EndGlobalSection
	GlobalSection(SolutionProperties) = preSolution
		HideSolutionNode = FALSE
	EndGlobalSection
	GlobalSection(ExtensibilityGlobals) = postSolution
		SolutionGuid = {C1546E1B-6942-462A-9591-A46538BBF802}
	EndGlobalSection
EndGlobal
